<?xml version="1.0" encoding="UTF-8" standalone="yes" ?>
<CodeBlocks_project_file>
	<FileVersion major="1" minor="6" />
	<Project>
		<Option title="Grafy" />
		<Option pch_mode="2" />
		<Option compiler="gcc" />
		<Build>
			<Target title="Debug">
				<Option output="bin/Debug/Grafy" prefix_auto="1" extension_auto="1" />
				<Option object_output="obj/Debug/" />
				<Option type="1" />
				<Option compiler="gcc" />
				<Compiler>
					<Add option="-g" />
					<Add directory="include" />
				</Compiler>
			</Target>
			<Target title="Release">
				<Option output="bin/Release/Grafy" prefix_auto="1" extension_auto="1" />
				<Option object_output="obj/Release/" />
				<Option type="1" />
				<Option compiler="gcc" />
				<Compiler>
					<Add option="-O2" />
					<Add directory="include" />
				</Compiler>
				<Linker>
					<Add option="-s" />
				</Linker>
			</Target>
		</Build>
		<Compiler>
			<Add option="-Wall" />
			<Add option="-fexceptions" />
		</Compiler>
		<Unit filename="include/Dane.h" />
		<Unit filename="include/Disjoint_Union.h" />
		<Unit filename="include/IncidentMatrix.h" />
		<Unit filename="include/Krawedz.h" />
		<Unit filename="include/Menu.h" />
		<Unit filename="include/NeighbourList.h" />
		<Unit filename="include/Testy.h" />
		<Unit filename="include/elementLista.h" />
		<Unit filename="include/grafGenerator.h" />
		<Unit filename="include/lista.h" />
		<Unit filename="include/listaInt.h" />
		<Unit filename="main.cpp" />
		<Unit filename="src/Dane.cpp" />
		<Unit filename="src/Disjoint_Union.cpp" />
		<Unit filename="src/IncidentMatrix.cpp" />
		<Unit filename="src/Krawedz.cpp" />
		<Unit filename="src/Menu.cpp" />
		<Unit filename="src/NeighbourList.cpp" />
		<Unit filename="src/Testy.cpp" />
		<Unit filename="src/elementLista.cpp" />
		<Unit filename="src/grafGenerator.cpp" />
		<Unit filename="src/lista.cpp" />
		<Unit filename="src/listaInt.cpp" />
		<Extensions>
			<code_completion />
			<envvars />
			<debugger />
		</Extensions>
	</Project>
</CodeBlocks_project_file>
